
Microsoft Visual Studio Solution File, Format Version 12.00
# Visual Studio Version 16
VisualStudioVersion = 16.0.29613.14
MinimumVisualStudioVersion = 10.0.40219.1
Project("{9A19103F-16F7-4668-BE54-9A1E7A4F7556}") = "01.IO", "01.IO\01.IO.csproj", "{5A0A97D8-39C3-4364-80B1-D765FE3A4932}"
EndProject
Project("{9A19103F-16F7-4668-BE54-9A1E7A4F7556}") = "02.数据库操作", "02.数据库操作\02.数据库操作.csproj", "{07E32C4F-72A8-4990-8812-4FCD73C6F67C}"
EndProject
Project("{FAE04EC0-301F-11D3-BF4B-00C04F79EFBC}") = "03.LinQ", "03.LinQ\03.LinQ.csproj", "{ABAC3348-9295-4EF9-B15D-2A8795AED5E3}"
EndProject
Global
	GlobalSection(SolutionConfigurationPlatforms) = preSolution
		Debug|Any CPU = Debug|Any CPU
		Release|Any CPU = Release|Any CPU
	EndGlobalSection
	GlobalSection(ProjectConfigurationPlatforms) = postSolution
		{5A0A97D8-39C3-4364-80B1-D765FE3A4932}.Debug|Any CPU.ActiveCfg = Debug|Any CPU
		{5A0A97D8-39C3-4364-80B1-D765FE3A4932}.Debug|Any CPU.Build.0 = Debug|Any CPU
		{5A0A97D8-39C3-4364-80B1-D765FE3A4932}.Release|Any CPU.ActiveCfg = Release|Any CPU
		{5A0A97D8-39C3-4364-80B1-D765FE3A4932}.Release|Any CPU.Build.0 = Release|Any CPU
		{07E32C4F-72A8-4990-8812-4FCD73C6F67C}.Debug|Any CPU.ActiveCfg = Debug|Any CPU
		{07E32C4F-72A8-4990-8812-4FCD73C6F67C}.Debug|Any CPU.Build.0 = Debug|Any CPU
		{07E32C4F-72A8-4990-8812-4FCD73C6F67C}.Release|Any CPU.ActiveCfg = Release|Any CPU
		{07E32C4F-72A8-4990-8812-4FCD73C6F67C}.Release|Any CPU.Build.0 = Release|Any CPU
		{ABAC3348-9295-4EF9-B15D-2A8795AED5E3}.Debug|Any CPU.ActiveCfg = Debug|Any CPU
		{ABAC3348-9295-4EF9-B15D-2A8795AED5E3}.Debug|Any CPU.Build.0 = Debug|Any CPU
		{ABAC3348-9295-4EF9-B15D-2A8795AED5E3}.Release|Any CPU.ActiveCfg = Release|Any CPU
		{ABAC3348-9295-4EF9-B15D-2A8795AED5E3}.Release|Any CPU.Build.0 = Release|Any CPU
	EndGlobalSection
	GlobalSection(SolutionProperties) = preSolution
		HideSolutionNode = FALSE
	EndGlobalSection
	GlobalSection(ExtensibilityGlobals) = postSolution
		SolutionGuid = {22D2D27A-B02D-4598-8CE3-E6A0340D591C}
	EndGlobalSection
EndGlobal
